
Microsoft Visual Studio Solution File, Format Version 12.00
# Visual Studio Version 17
VisualStudioVersion = 17.2.32516.85
MinimumVisualStudioVersion = 10.0.40219.1
Project("{FAE04EC0-301F-11D3-BF4B-00C04F79EFBC}") = "Calkulator-kids", "Calkulator-kids\Calkulator-kids.csproj", "{530CE83E-73B7-4EFE-B2C4-CC9A3938148D}"
EndProject
Global
	GlobalSection(SolutionConfigurationPlatforms) = preSolution
		Debug|Any CPU = Debug|Any CPU
		Release|Any CPU = Release|Any CPU
	EndGlobalSection
	GlobalSection(ProjectConfigurationPlatforms) = postSolution
		{530CE83E-73B7-4EFE-B2C4-CC9A3938148D}.Debug|Any CPU.ActiveCfg = Debug|Any CPU
		{530CE83E-73B7-4EFE-B2C4-CC9A3938148D}.Debug|Any CPU.Build.0 = Debug|Any CPU
		{530CE83E-73B7-4EFE-B2C4-CC9A3938148D}.Release|Any CPU.ActiveCfg = Release|Any CPU
		{530CE83E-73B7-4EFE-B2C4-CC9A3938148D}.Release|Any CPU.Build.0 = Release|Any CPU
	EndGlobalSection
	GlobalSection(SolutionProperties) = preSolution
		HideSolutionNode = FALSE
	EndGlobalSection
	GlobalSection(ExtensibilityGlobals) = postSolution
		SolutionGuid = {7BDB74C9-1D7D-4268-A0F4-93C8F3AD8A18}
	EndGlobalSection
EndGlobal
